# This file was autogenerated by Stack.
# You should not edit this file by hand.
# For more information, please see the documentation at:
#   https://docs.haskellstack.org/en/stable/lock_files

packages:
- completed:
    hackage: haskeline-0.8.0.0@sha256:0630452b759a5b40e0e3e7ca2ef4b0d55d5161d95e8d7b0dd3cf55888971437f,5440
    pantry-tree:
      size: 3013
      sha256: 235d9b78cb87e21651fd36421c30ff4e0638e463fac7ec8b70887db06c3ff88f
  original:
    hackage: haskeline-0.8.0.0
- completed:
    hackage: llvm-hs-pretty-0.9.0.0@sha256:b7a5de5f3dd97893d19d2b47af1e4dd8d075a5cf57062180a912d1f3ef1def60,1671
    pantry-tree:
      size: 4685
      sha256: 8cf6d628bb4f962575ad0993bb1010e9989cea00b325b8a45ac35ac201061386
  original:
    hackage: llvm-hs-pretty-0.9.0.0
snapshots:
- completed:
    size: 532382
    url: https://raw.githubusercontent.com/commercialhaskell/stackage-snapshots/master/lts/16/14.yaml
    sha256: 1ef27e36f38824abafc43224ca612211b3828fa9ffd31ba0fc2867ae2e19ba90
  original: lts-16.14
